
Microsoft Visual Studio Solution File, Format Version 12.00
# Visual Studio Version 16
VisualStudioVersion = 16.0.30011.22
MinimumVisualStudioVersion = 10.0.40219.1
Project("{FAE04EC0-301F-11D3-BF4B-00C04F79EFBC}") = "M1HelloWorld", "M1HelloWorld\M1HelloWorld.csproj", "{809245D6-F58E-4D50-90C9-7F653F1BB8B7}"
EndProject
Project("{FAE04EC0-301F-11D3-BF4B-00C04F79EFBC}") = "M3ArrayNControls", "M3ArrayNControls\M3ArrayNControls.csproj", "{6FBDA890-5684-47A6-9206-42863239AC40}"
EndProject
Project("{FAE04EC0-301F-11D3-BF4B-00C04F79EFBC}") = "M3Zahlenratespiel", "M3Zahlenratespiel\M3Zahlenratespiel.csproj", "{B9F0459D-59BE-4568-92A2-EAAA2A0E0DC3}"
EndProject
Project("{FAE04EC0-301F-11D3-BF4B-00C04F79EFBC}") = "M4Methods", "M4Methods\M4Methods.csproj", "{9C54B679-95F2-4763-9A86-9A2F64704066}"
EndProject
Project("{FAE04EC0-301F-11D3-BF4B-00C04F79EFBC}") = "M5ClassesConsumer", "M5ClassesConsumer\M5ClassesConsumer.csproj", "{ACBBEB6B-630A-441A-AC8D-FE9CB71F6EE8}"
EndProject
Project("{FAE04EC0-301F-11D3-BF4B-00C04F79EFBC}") = "M1Demo-Console", "M1Demo-Console\M1Demo-Console.csproj", "{2EDC759E-1407-41D6-919D-BEDBB69023F4}"
EndProject
Project("{FAE04EC0-301F-11D3-BF4B-00C04F79EFBC}") = "M2DataTypesLib", "M2DataTypesLib\M2DataTypesLib.csproj", "{FDCE128F-A559-40FF-9609-0E7BFE43073F}"
EndProject
Project("{FAE04EC0-301F-11D3-BF4B-00C04F79EFBC}") = "M2DataTypesLibConsumer", "M2DataTypesLibConsumer\M2DataTypesLibConsumer.csproj", "{3038FE06-A058-4F22-A090-8A12943E96A7}"
EndProject
Project("{FAE04EC0-301F-11D3-BF4B-00C04F79EFBC}") = "M2Mini-Rechner", "M2MiniRechner\M2Mini-Rechner.csproj", "{7927DD02-3517-4948-BD33-2E73FD7D583E}"
EndProject
Project("{FAE04EC0-301F-11D3-BF4B-00C04F79EFBC}") = "M5Classes", "M5Classes\M5Classes.csproj", "{9B1EF97A-EA6F-407C-9D85-AE2860A5B500}"
EndProject
Project("{FAE04EC0-301F-11D3-BF4B-00C04F79EFBC}") = "M5Fuhrpark", "M5Transport\M5Fuhrpark.csproj", "{05F46E1F-2217-44AC-BCD2-E10DE103C063}"
EndProject
Project("{FAE04EC0-301F-11D3-BF4B-00C04F79EFBC}") = "M13FileAccessNJson", "M13FileAccessNJson\M13FileAccessNJson.csproj", "{A3676773-5BFC-43C5-93EA-1FE8BF3445E7}"
EndProject
Project("{FAE04EC0-301F-11D3-BF4B-00C04F79EFBC}") = "M8GenericData Structures", "M8GenericData Structures\M8GenericData Structures.csproj", "{F88F6585-55E1-48A7-93C7-791E2BC7BB77}"
EndProject
Project("{FAE04EC0-301F-11D3-BF4B-00C04F79EFBC}") = "M9WinFormsTicTacToe", "M9WinFormsTicTacToe\M9WinFormsTicTacToe.csproj", "{AF7C5B40-0F33-4F5D-9A95-6794692CB613}"
EndProject
Project("{FAE04EC0-301F-11D3-BF4B-00C04F79EFBC}") = "M10Delegates", "M10Delegates\M10Delegates.csproj", "{8E69F69F-7364-447F-A176-B16D61E9B3F1}"
EndProject
Global
	GlobalSection(SolutionConfigurationPlatforms) = preSolution
		Debug|Any CPU = Debug|Any CPU
		Release|Any CPU = Release|Any CPU
	EndGlobalSection
	GlobalSection(ProjectConfigurationPlatforms) = postSolution
		{809245D6-F58E-4D50-90C9-7F653F1BB8B7}.Debug|Any CPU.ActiveCfg = Debug|Any CPU
		{809245D6-F58E-4D50-90C9-7F653F1BB8B7}.Debug|Any CPU.Build.0 = Debug|Any CPU
		{809245D6-F58E-4D50-90C9-7F653F1BB8B7}.Release|Any CPU.ActiveCfg = Release|Any CPU
		{809245D6-F58E-4D50-90C9-7F653F1BB8B7}.Release|Any CPU.Build.0 = Release|Any CPU
		{6FBDA890-5684-47A6-9206-42863239AC40}.Debug|Any CPU.ActiveCfg = Debug|Any CPU
		{6FBDA890-5684-47A6-9206-42863239AC40}.Debug|Any CPU.Build.0 = Debug|Any CPU
		{6FBDA890-5684-47A6-9206-42863239AC40}.Release|Any CPU.ActiveCfg = Release|Any CPU
		{6FBDA890-5684-47A6-9206-42863239AC40}.Release|Any CPU.Build.0 = Release|Any CPU
		{B9F0459D-59BE-4568-92A2-EAAA2A0E0DC3}.Debug|Any CPU.ActiveCfg = Debug|Any CPU
		{B9F0459D-59BE-4568-92A2-EAAA2A0E0DC3}.Debug|Any CPU.Build.0 = Debug|Any CPU
		{B9F0459D-59BE-4568-92A2-EAAA2A0E0DC3}.Release|Any CPU.ActiveCfg = Release|Any CPU
		{B9F0459D-59BE-4568-92A2-EAAA2A0E0DC3}.Release|Any CPU.Build.0 = Release|Any CPU
		{9C54B679-95F2-4763-9A86-9A2F64704066}.Debug|Any CPU.ActiveCfg = Debug|Any CPU
		{9C54B679-95F2-4763-9A86-9A2F64704066}.Debug|Any CPU.Build.0 = Debug|Any CPU
		{9C54B679-95F2-4763-9A86-9A2F64704066}.Release|Any CPU.ActiveCfg = Release|Any CPU
		{9C54B679-95F2-4763-9A86-9A2F64704066}.Release|Any CPU.Build.0 = Release|Any CPU
		{ACBBEB6B-630A-441A-AC8D-FE9CB71F6EE8}.Debug|Any CPU.ActiveCfg = Debug|Any CPU
		{ACBBEB6B-630A-441A-AC8D-FE9CB71F6EE8}.Debug|Any CPU.Build.0 = Debug|Any CPU
		{ACBBEB6B-630A-441A-AC8D-FE9CB71F6EE8}.Release|Any CPU.ActiveCfg = Release|Any CPU
		{ACBBEB6B-630A-441A-AC8D-FE9CB71F6EE8}.Release|Any CPU.Build.0 = Release|Any CPU
		{2EDC759E-1407-41D6-919D-BEDBB69023F4}.Debug|Any CPU.ActiveCfg = Debug|Any CPU
		{2EDC759E-1407-41D6-919D-BEDBB69023F4}.Debug|Any CPU.Build.0 = Debug|Any CPU
		{2EDC759E-1407-41D6-919D-BEDBB69023F4}.Release|Any CPU.ActiveCfg = Release|Any CPU
		{2EDC759E-1407-41D6-919D-BEDBB69023F4}.Release|Any CPU.Build.0 = Release|Any CPU
		{FDCE128F-A559-40FF-9609-0E7BFE43073F}.Debug|Any CPU.ActiveCfg = Debug|Any CPU
		{FDCE128F-A559-40FF-9609-0E7BFE43073F}.Debug|Any CPU.Build.0 = Debug|Any CPU
		{FDCE128F-A559-40FF-9609-0E7BFE43073F}.Release|Any CPU.ActiveCfg = Release|Any CPU
		{FDCE128F-A559-40FF-9609-0E7BFE43073F}.Release|Any CPU.Build.0 = Release|Any CPU
		{3038FE06-A058-4F22-A090-8A12943E96A7}.Debug|Any CPU.ActiveCfg = Debug|Any CPU
		{3038FE06-A058-4F22-A090-8A12943E96A7}.Debug|Any CPU.Build.0 = Debug|Any CPU
		{3038FE06-A058-4F22-A090-8A12943E96A7}.Release|Any CPU.ActiveCfg = Release|Any CPU
		{3038FE06-A058-4F22-A090-8A12943E96A7}.Release|Any CPU.Build.0 = Release|Any CPU
		{7927DD02-3517-4948-BD33-2E73FD7D583E}.Debug|Any CPU.ActiveCfg = Debug|Any CPU
		{7927DD02-3517-4948-BD33-2E73FD7D583E}.Debug|Any CPU.Build.0 = Debug|Any CPU
		{7927DD02-3517-4948-BD33-2E73FD7D583E}.Release|Any CPU.ActiveCfg = Release|Any CPU
		{7927DD02-3517-4948-BD33-2E73FD7D583E}.Release|Any CPU.Build.0 = Release|Any CPU
		{9B1EF97A-EA6F-407C-9D85-AE2860A5B500}.Debug|Any CPU.ActiveCfg = Debug|Any CPU
		{9B1EF97A-EA6F-407C-9D85-AE2860A5B500}.Debug|Any CPU.Build.0 = Debug|Any CPU
		{9B1EF97A-EA6F-407C-9D85-AE2860A5B500}.Release|Any CPU.ActiveCfg = Release|Any CPU
		{9B1EF97A-EA6F-407C-9D85-AE2860A5B500}.Release|Any CPU.Build.0 = Release|Any CPU
		{05F46E1F-2217-44AC-BCD2-E10DE103C063}.Debug|Any CPU.ActiveCfg = Debug|Any CPU
		{05F46E1F-2217-44AC-BCD2-E10DE103C063}.Debug|Any CPU.Build.0 = Debug|Any CPU
		{05F46E1F-2217-44AC-BCD2-E10DE103C063}.Release|Any CPU.ActiveCfg = Release|Any CPU
		{05F46E1F-2217-44AC-BCD2-E10DE103C063}.Release|Any CPU.Build.0 = Release|Any CPU
		{A3676773-5BFC-43C5-93EA-1FE8BF3445E7}.Debug|Any CPU.ActiveCfg = Debug|Any CPU
		{A3676773-5BFC-43C5-93EA-1FE8BF3445E7}.Debug|Any CPU.Build.0 = Debug|Any CPU
		{A3676773-5BFC-43C5-93EA-1FE8BF3445E7}.Release|Any CPU.ActiveCfg = Release|Any CPU
		{A3676773-5BFC-43C5-93EA-1FE8BF3445E7}.Release|Any CPU.Build.0 = Release|Any CPU
		{F88F6585-55E1-48A7-93C7-791E2BC7BB77}.Debug|Any CPU.ActiveCfg = Debug|Any CPU
		{F88F6585-55E1-48A7-93C7-791E2BC7BB77}.Debug|Any CPU.Build.0 = Debug|Any CPU
		{F88F6585-55E1-48A7-93C7-791E2BC7BB77}.Release|Any CPU.ActiveCfg = Release|Any CPU
		{F88F6585-55E1-48A7-93C7-791E2BC7BB77}.Release|Any CPU.Build.0 = Release|Any CPU
		{AF7C5B40-0F33-4F5D-9A95-6794692CB613}.Debug|Any CPU.ActiveCfg = Debug|Any CPU
		{AF7C5B40-0F33-4F5D-9A95-6794692CB613}.Debug|Any CPU.Build.0 = Debug|Any CPU
		{AF7C5B40-0F33-4F5D-9A95-6794692CB613}.Release|Any CPU.ActiveCfg = Release|Any CPU
		{AF7C5B40-0F33-4F5D-9A95-6794692CB613}.Release|Any CPU.Build.0 = Release|Any CPU
		{8E69F69F-7364-447F-A176-B16D61E9B3F1}.Debug|Any CPU.ActiveCfg = Debug|Any CPU
		{8E69F69F-7364-447F-A176-B16D61E9B3F1}.Debug|Any CPU.Build.0 = Debug|Any CPU
		{8E69F69F-7364-447F-A176-B16D61E9B3F1}.Release|Any CPU.ActiveCfg = Release|Any CPU
		{8E69F69F-7364-447F-A176-B16D61E9B3F1}.Release|Any CPU.Build.0 = Release|Any CPU
	EndGlobalSection
	GlobalSection(SolutionProperties) = preSolution
		HideSolutionNode = FALSE
	EndGlobalSection
	GlobalSection(ExtensibilityGlobals) = postSolution
		SolutionGuid = {A042A70F-BC68-42F6-A558-D999EAB0D92A}
	EndGlobalSection
EndGlobal
