
Microsoft Visual Studio Solution File, Format Version 12.00
# Visual Studio Version 16
VisualStudioVersion = 16.0.30011.22
MinimumVisualStudioVersion = 10.0.40219.1
Project("{FAE04EC0-301F-11D3-BF4B-00C04F79EFBC}") = "M1HelloWorld", "M1HelloWorld\M1HelloWorld.csproj", "{F51D94E4-0E5B-463C-B923-645FF10650F4}"
EndProject
Project("{FAE04EC0-301F-11D3-BF4B-00C04F79EFBC}") = "Demo-Library", "Demo-Library\Demo-Library.csproj", "{46B29D4E-7FE6-41DF-9ACF-B4A22355A2D7}"
EndProject
Project("{FAE04EC0-301F-11D3-BF4B-00C04F79EFBC}") = "Demo-Console", "Demo-Console\Demo-Console.csproj", "{506DA772-4180-4F0C-A0C8-4DA5757A356A}"
EndProject
Global
	GlobalSection(SolutionConfigurationPlatforms) = preSolution
		Debug|Any CPU = Debug|Any CPU
		Release|Any CPU = Release|Any CPU
	EndGlobalSection
	GlobalSection(ProjectConfigurationPlatforms) = postSolution
		{F51D94E4-0E5B-463C-B923-645FF10650F4}.Debug|Any CPU.ActiveCfg = Debug|Any CPU
		{F51D94E4-0E5B-463C-B923-645FF10650F4}.Debug|Any CPU.Build.0 = Debug|Any CPU
		{F51D94E4-0E5B-463C-B923-645FF10650F4}.Release|Any CPU.ActiveCfg = Release|Any CPU
		{F51D94E4-0E5B-463C-B923-645FF10650F4}.Release|Any CPU.Build.0 = Release|Any CPU
		{46B29D4E-7FE6-41DF-9ACF-B4A22355A2D7}.Debug|Any CPU.ActiveCfg = Debug|Any CPU
		{46B29D4E-7FE6-41DF-9ACF-B4A22355A2D7}.Debug|Any CPU.Build.0 = Debug|Any CPU
		{46B29D4E-7FE6-41DF-9ACF-B4A22355A2D7}.Release|Any CPU.ActiveCfg = Release|Any CPU
		{46B29D4E-7FE6-41DF-9ACF-B4A22355A2D7}.Release|Any CPU.Build.0 = Release|Any CPU
		{506DA772-4180-4F0C-A0C8-4DA5757A356A}.Debug|Any CPU.ActiveCfg = Debug|Any CPU
		{506DA772-4180-4F0C-A0C8-4DA5757A356A}.Debug|Any CPU.Build.0 = Debug|Any CPU
		{506DA772-4180-4F0C-A0C8-4DA5757A356A}.Release|Any CPU.ActiveCfg = Release|Any CPU
		{506DA772-4180-4F0C-A0C8-4DA5757A356A}.Release|Any CPU.Build.0 = Release|Any CPU
	EndGlobalSection
	GlobalSection(SolutionProperties) = preSolution
		HideSolutionNode = FALSE
	EndGlobalSection
	GlobalSection(ExtensibilityGlobals) = postSolution
		SolutionGuid = {A829C801-25C9-49D7-85B6-CBCFF7C2FF1C}
	EndGlobalSection
EndGlobal
